
Microsoft Visual Studio Solution File, Format Version 12.00
# Visual Studio Version 16
VisualStudioVersion = 16.0.31515.178
MinimumVisualStudioVersion = 10.0.40219.1
Project("{FAE04EC0-301F-11D3-BF4B-00C04F79EFBC}") = "HttpClientDemo", "HttpClientDemo\HttpClientDemo.csproj", "{FA4DEB61-5519-4990-9A7F-1A6654753848}"
EndProject
Global
	GlobalSection(SolutionConfigurationPlatforms) = preSolution
		Debug|Any CPU = Debug|Any CPU
		Release|Any CPU = Release|Any CPU
	EndGlobalSection
	GlobalSection(ProjectConfigurationPlatforms) = postSolution
		{FA4DEB61-5519-4990-9A7F-1A6654753848}.Debug|Any CPU.ActiveCfg = Debug|Any CPU
		{FA4DEB61-5519-4990-9A7F-1A6654753848}.Debug|Any CPU.Build.0 = Debug|Any CPU
		{FA4DEB61-5519-4990-9A7F-1A6654753848}.Release|Any CPU.ActiveCfg = Release|Any CPU
		{FA4DEB61-5519-4990-9A7F-1A6654753848}.Release|Any CPU.Build.0 = Release|Any CPU
	EndGlobalSection
	GlobalSection(SolutionProperties) = preSolution
		HideSolutionNode = FALSE
	EndGlobalSection
	GlobalSection(ExtensibilityGlobals) = postSolution
		SolutionGuid = {EB8F602A-491C-4875-BEE6-0287FA5DE001}
	EndGlobalSection
EndGlobal
